Microsoft Visual Studio Solution File, Format Version 11.00
# Visual Studio 2008

Project("{3BD1DAB5-098A-6E37-A459-9C0BF92AD915}") = "ClientProject", "Assembly-CSharp-firstpass-vs.csproj", "{98BBB767-F83E-11DB-E777-C8A05D1E7441}"
EndProject
Project("{3BD1DAB5-098A-6E37-A459-9C0BF92AD915}") = "ClientProject", "Assembly-CSharp-vs.csproj", "{CE8827F1-BC21-80F9-DD21-ADDF7294F15C}"
EndProject
Project("{3BD1DAB5-098A-6E37-A459-9C0BF92AD915}") = "ClientProject", "Assembly-CSharp-Editor-vs.csproj", "{427CC56A-2743-5D99-3E0A-F6ED9EC2BA85}"
EndProject
Global
	GlobalSection(SolutionConfigurationPlatforms) = preSolution
		Debug|Any CPU = Debug|Any CPU
		Release|Any CPU = Release|Any CPU
	EndGlobalSection
	GlobalSection(ProjectConfigurationPlatforms) = postSolution
		{98BBB767-F83E-11DB-E777-C8A05D1E7441}.Debug|Any CPU.ActiveCfg = Debug|Any CPU
		{98BBB767-F83E-11DB-E777-C8A05D1E7441}.Debug|Any CPU.Build.0 = Debug|Any CPU
		{98BBB767-F83E-11DB-E777-C8A05D1E7441}.Release|Any CPU.ActiveCfg = Release|Any CPU
		{98BBB767-F83E-11DB-E777-C8A05D1E7441}.Release|Any CPU.Build.0 = Release|Any CPU
		{CE8827F1-BC21-80F9-DD21-ADDF7294F15C}.Debug|Any CPU.ActiveCfg = Debug|Any CPU
		{CE8827F1-BC21-80F9-DD21-ADDF7294F15C}.Debug|Any CPU.Build.0 = Debug|Any CPU
		{CE8827F1-BC21-80F9-DD21-ADDF7294F15C}.Release|Any CPU.ActiveCfg = Release|Any CPU
		{CE8827F1-BC21-80F9-DD21-ADDF7294F15C}.Release|Any CPU.Build.0 = Release|Any CPU
		{427CC56A-2743-5D99-3E0A-F6ED9EC2BA85}.Debug|Any CPU.ActiveCfg = Debug|Any CPU
		{427CC56A-2743-5D99-3E0A-F6ED9EC2BA85}.Debug|Any CPU.Build.0 = Debug|Any CPU
		{427CC56A-2743-5D99-3E0A-F6ED9EC2BA85}.Release|Any CPU.ActiveCfg = Release|Any CPU
		{427CC56A-2743-5D99-3E0A-F6ED9EC2BA85}.Release|Any CPU.Build.0 = Release|Any CPU
	EndGlobalSection
	GlobalSection(SolutionProperties) = preSolution
		HideSolutionNode = FALSE
	EndGlobalSection
																																																																																																																																																																																																																																																																																																																																																																									GlobalSection(MonoDevelopProperties) = preSolution
		StartupItem = Assembly-CSharp.csproj
		Policies = $0
		$0.TextStylePolicy = $1
		$1.inheritsSet = null
		$1.scope = text/x-csharp
		$0.CSharpFormattingPolicy = $2
		$2.inheritsSet = Mono
		$2.inheritsScope = text/x-csharp
		$2.scope = text/x-csharp
		$0.TextStylePolicy = $3
		$3.FileWidth = 120
		$3.TabWidth = 4
		$3.EolMarker = Unix
		$3.inheritsSet = Mono
		$3.inheritsScope = text/plain
		$3.scope = text/plain
	EndGlobalSection

EndGlobal
